
Microsoft Visual Studio Solution File, Format Version 12.00
# Visual Studio 15
VisualStudioVersion = 15.0.27703.2000
MinimumVisualStudioVersion = 10.0.40219.1
Project("{FAE04EC0-301F-11D3-BF4B-00C04F79EFBC}") = "Construction", "Construction\Construction.csproj", "{11B1FA46-D4A5-4E4E-8ECB-5ABA0F54C83F}"
EndProject
Global
	GlobalSection(SolutionConfigurationPlatforms) = preSolution
		Debug|Any CPU = Debug|Any CPU
		Release|Any CPU = Release|Any CPU
	EndGlobalSection
	GlobalSection(ProjectConfigurationPlatforms) = postSolution
		{11B1FA46-D4A5-4E4E-8ECB-5ABA0F54C83F}.Debug|Any CPU.ActiveCfg = Debug|Any CPU
		{11B1FA46-D4A5-4E4E-8ECB-5ABA0F54C83F}.Debug|Any CPU.Build.0 = Debug|Any CPU
		{11B1FA46-D4A5-4E4E-8ECB-5ABA0F54C83F}.Release|Any CPU.ActiveCfg = Release|Any CPU
		{11B1FA46-D4A5-4E4E-8ECB-5ABA0F54C83F}.Release|Any CPU.Build.0 = Release|Any CPU
	EndGlobalSection
	GlobalSection(SolutionProperties) = preSolution
		HideSolutionNode = FALSE
	EndGlobalSection
	GlobalSection(ExtensibilityGlobals) = postSolution
		SolutionGuid = {FD1C0A71-AA6B-4796-9B2B-A8B6532BF3C2}
	EndGlobalSection
EndGlobal
